
Microsoft Visual Studio Solution File, Format Version 12.00
# Visual Studio Version 16
VisualStudioVersion = 16.0.30114.105
MinimumVisualStudioVersion = 10.0.40219.1
Project("{FAE04EC0-301F-11D3-BF4B-00C04F79EFBC}") = "Lab4", "Lab4\Lab4.csproj", "{4CBA2496-7A9B-4916-AB43-02C45BA92DDD}"
EndProject
Global
	GlobalSection(SolutionConfigurationPlatforms) = preSolution
		Debug|Any CPU = Debug|Any CPU
		Release|Any CPU = Release|Any CPU
	EndGlobalSection
	GlobalSection(ProjectConfigurationPlatforms) = postSolution
		{4CBA2496-7A9B-4916-AB43-02C45BA92DDD}.Debug|Any CPU.ActiveCfg = Debug|Any CPU
		{4CBA2496-7A9B-4916-AB43-02C45BA92DDD}.Debug|Any CPU.Build.0 = Debug|Any CPU
		{4CBA2496-7A9B-4916-AB43-02C45BA92DDD}.Release|Any CPU.ActiveCfg = Release|Any CPU
		{4CBA2496-7A9B-4916-AB43-02C45BA92DDD}.Release|Any CPU.Build.0 = Release|Any CPU
	EndGlobalSection
	GlobalSection(SolutionProperties) = preSolution
		HideSolutionNode = FALSE
	EndGlobalSection
	GlobalSection(ExtensibilityGlobals) = postSolution
		SolutionGuid = {C9347760-2A7C-4130-B472-E773C94B0C00}
	EndGlobalSection
EndGlobal
